# This file is automatically @generated by Cargo.
# It is not intended for manual editing.
version = 4

[[package]]
name = "axiom-cli"
version = "0.1.0"
dependencies = [
 "sda-core",
]

[[package]]
name = "enr-cli"
version = "0.1.0"
dependencies = [
 "enr-core",
]

[[package]]
name = "enr-core"
version = "0.1.0"

[[package]]
name = "sda-cli"
version = "0.1.0"
dependencies = [
 "sda-core",
]

[[package]]
name = "sda-core"
version = "0.1.0"

[[package]]
name = "shape-cli"
version = "0.1.0"
dependencies = [
 "shape-core",
]

[[package]]
name = "shape-core"
version = "0.1.0"
